{
  "version": 2,
  "dependencies": {
    "net10.0": {
      "MailKit": {
        "type": "Direct",
        "requested": "[4.16.0, )",
        "resolved": "4.16.0",
        "contentHash": "trJ82DOpAmo8i1jO1vNE+dGn4mPRyeYfy4swRcAGgMJhPoI1Kohf4OFJJf0+YIj4iUxgxPn8W+ht7e7KiYzSjg==",
        "dependencies": {
          "MimeKit": "4.16.0"
        }
      },
      "Microsoft.AspNetCore.Identity.EntityFrameworkCore": {
        "type": "Direct",
        "requested": "[10.0.7, )",
        "resolved": "10.0.7",
        "contentHash": "WAMNMV7m019wBaem9YAyK+nsR6r5ixBL/kOPybO9QhEkwG4dOeVG3vvTTkI5I6q6fp5+MN6IuYxxV/2HYiI9vw==",
        "dependencies": {
          "Microsoft.EntityFrameworkCore.Relational": "10.0.7"
        }
      },
      "Microsoft.EntityFrameworkCore": {
        "type": "Direct",
        "requested": "[10.0.7, )",
        "resolved": "10.0.7",
        "contentHash": "G6yclVO5/csPzzsymV0SemY2NDqE31CP5M3jprF5IuO9wJsh4aUOfYD8HCLuDmM1D1CfReegVic48O2r79d46Q==",
        "dependencies": {
          "Microsoft.EntityFrameworkCore.Abstractions": "10.0.7",
          "Microsoft.EntityFrameworkCore.Analyzers": "10.0.7"
        }
      },
      "Npgsql.EntityFrameworkCore.PostgreSQL": {
        "type": "Direct",
        "requested": "[10.0.1, )",
        "resolved": "10.0.1",
        "contentHash": "P6EwH0Q4xkaA264iNZDqCPhWt8pscfUGxXazDQg4noBfqjoOlk4hKWfvBjF9ZX3R/9JybRmmJfmxr2iBMj0EpA==",
        "dependencies": {
          "Microsoft.EntityFrameworkCore": "[10.0.4, 11.0.0)",
          "Microsoft.EntityFrameworkCore.Relational": "[10.0.4, 11.0.0)",
          "Npgsql": "10.0.2"
        }
      },
      "System.IdentityModel.Tokens.Jwt": {
        "type": "Direct",
        "requested": "[8.17.0, )",
        "resolved": "8.17.0",
        "contentHash": "nKikRYheDeSaXA3wGr2otwaiRFygBa25m+hc7MEomZVIEWZvKVqd8wgP9yn+8QpLRGgw//dUs4LErGx9gtVmAA==",
        "dependencies": {
          "Microsoft.IdentityModel.JsonWebTokens": "8.17.0",
          "Microsoft.IdentityModel.Tokens": "8.17.0"
        }
      },
      "BouncyCastle.Cryptography": {
        "type": "Transitive",
        "resolved": "2.6.2",
        "contentHash": "7oWOcvnntmMKNzDLsdxAYqApt+AjpRpP2CShjMfIa3umZ42UQMvH0tl1qAliYPNYO6vTdcGMqnRrCPmsfzTI1w=="
      },
      "FluentValidation": {
        "type": "Transitive",
        "resolved": "12.1.1",
        "contentHash": "EPpkIe1yh1a0OXyC100oOA8WMbZvqUu5plwhvYcb7oSELfyUZzfxV48BLhvs3kKo4NwG7MGLNgy1RJiYtT8Dpw=="
      },
      "MediatR.Contracts": {
        "type": "Transitive",
        "resolved": "2.0.1",
        "contentHash": "FYv95bNT4UwcNA+G/J1oX5OpRiSUxteXaUt2BJbRSdRNiIUNbggJF69wy6mnk2wYToaanpdXZdCwVylt96MpwQ=="
      },
      "Microsoft.EntityFrameworkCore.Abstractions": {
        "type": "Transitive",
        "resolved": "10.0.7",
        "contentHash": "TuxExnfIS/bSq3z2CbH0LwZH1oyj9iHhSGneU4fpxl3ikjZGZdSae9gcfnImV1rufH8f/ab1NnHwyL2BLyeZOg=="
      },
      "Microsoft.EntityFrameworkCore.Analyzers": {
        "type": "Transitive",
        "resolved": "10.0.7",
        "contentHash": "eZnMyiJzo249Ejg5CaFScvJS0u7neQfS9DXknAHTO6FHVMM99gO0byNXHGZmA/BOkZ13ngeVziQLHTMOtgescg=="
      },
      "Microsoft.EntityFrameworkCore.Relational": {
        "type": "Transitive",
        "resolved": "10.0.7",
        "contentHash": "midwPufIwXhOJcVhaZpCZGNbjy2QoPfHI+70nw2dGcoULEW9DybMvMPYkRjOJV0eI46a1oVFhU4lFYDEx6YUbg==",
        "dependencies": {
          "Microsoft.EntityFrameworkCore": "10.0.7"
        }
      },
      "Microsoft.IdentityModel.Abstractions": {
        "type": "Transitive",
        "resolved": "8.17.0",
        "contentHash": "6NrxQGcZg6IunkN8K2F0UVMavNpfCjbjjjON7PYcL8FwI8aULKUreiHsRX/yaA8j3XsTJnQKUYpoQk5gBjULZw=="
      },
      "Microsoft.IdentityModel.JsonWebTokens": {
        "type": "Transitive",
        "resolved": "8.17.0",
        "contentHash": "JbFZ3OVwtvqcqgBL0cIkhRYbIP7u9GIUYLOgbNqLWtBtZY8tGDpdGyXMzUVX0gVHq1ovuHsKZrkVv+ziHEnBHw==",
        "dependencies": {
          "Microsoft.IdentityModel.Tokens": "8.17.0"
        }
      },
      "Microsoft.IdentityModel.Logging": {
        "type": "Transitive",
        "resolved": "8.17.0",
        "contentHash": "w1vjfri0BWqW7RkSZY3ZsqekNfIJJg5BQSFs2j+a+pCXOVrkezmJcn74pT3djwjXJh71577C6wJQgNc2UPz30w==",
        "dependencies": {
          "Microsoft.IdentityModel.Abstractions": "8.17.0"
        }
      },
      "Npgsql": {
        "type": "Transitive",
        "resolved": "10.0.2",
        "contentHash": "q5RfBI+wywJSFUNDE1L4ZbHEHCFTblo8Uf6A6oe4feOUFYiUQXyAf9GBh5qEZpvJaHiEbpBPkQumjEhXCJxdrg=="
      },
      "System.Security.Cryptography.Pkcs": {
        "type": "Transitive",
        "resolved": "10.0.0",
        "contentHash": "UPWqLSygJlFerRi9XNIuM0a1VC8gHUIufyP24xQ0sc+XimqUAEcjpOz9DhKpyDjH+5B/wO3RpC0KpkEeDj/ddg=="
      },
      "westcoastcars.application": {
        "type": "Project",
        "dependencies": {
          "AutoMapper": "[16.1.1, )",
          "FluentValidation.DependencyInjectionExtensions": "[12.1.1, )",
          "MediatR": "[12.0.1, )",
          "WestcoastCars.Contracts": "[1.0.0, )",
          "WestcoastCars.Domain": "[1.0.0, )"
        }
      },
      "westcoastcars.contracts": {
        "type": "Project"
      },
      "westcoastcars.domain": {
        "type": "Project"
      },
      "AutoMapper": {
        "type": "CentralTransitive",
        "requested": "[16.1.1, )",
        "resolved": "16.1.1",
        "contentHash": "VNEky8JA15ci+oIDRGHITOGOpV4dILsf8pnn24QhDl2urtqgJ2IXiS/V2EtGU17P/+f6OeFQPJETaZXV9QOIZg==",
        "dependencies": {
          "Microsoft.IdentityModel.JsonWebTokens": "8.14.0"
        }
      },
      "FluentValidation.DependencyInjectionExtensions": {
        "type": "CentralTransitive",
        "requested": "[12.1.1, )",
        "resolved": "12.1.1",
        "contentHash": "D0VXh4dtjjX2aQizuaa0g6R8X3U1JaVqJPfGCvLwZX9t/O2h7tkpbitbadQMfwcgSPdDbI2vDxuwRMv/Uf9dHA==",
        "dependencies": {
          "FluentValidation": "12.1.1"
        }
      },
      "MediatR": {
        "type": "CentralTransitive",
        "requested": "[12.0.1, )",
        "resolved": "12.0.1",
        "contentHash": "vfxplMielft+g5jxGO31xjjQpI6yqe4r2YGt0Q8x23phwbpJNmUQGY+cCNNFMKKViXRM67ajUlAiwirMeuJWTQ==",
        "dependencies": {
          "MediatR.Contracts": "[2.0.1, 3.0.0)"
        }
      },
      "Microsoft.IdentityModel.Tokens": {
        "type": "CentralTransitive",
        "requested": "[8.17.0, )",
        "resolved": "8.17.0",
        "contentHash": "teaW35URIV2x78Tzk+dVJiC4M62/9mQoSEoDjDGoEZmcQa3H2rE+XQpm9Tmdo9KK1Lcrnve4zoyLavl69kCFGg==",
        "dependencies": {
          "Microsoft.IdentityModel.Logging": "8.17.0"
        }
      },
      "MimeKit": {
        "type": "CentralTransitive",
        "requested": "[4.16.0, )",
        "resolved": "4.16.0",
        "contentHash": "X0LFxeM4gPRIhODyY/HYS9b+zRZ7y//v59rFzgS6wLxcPuZThnMtNZHtrr0fjLyRRkg3gqJBtvW36XfUzZ7Djw==",
        "dependencies": {
          "BouncyCastle.Cryptography": "2.6.2",
          "System.Security.Cryptography.Pkcs": "10.0.0"
        }
      }
    }
  }
}