
Microsoft Visual Studio Solution File, Format Version 12.00
# Visual Studio Version 17
VisualStudioVersion = 17.0.31903.59
MinimumVisualStudioVersion = 10.0.40219.1
Project("{FAE04EC0-301F-11D3-BF4B-00C04F79EFBC}") = "westcoast-cars.api.tests", "westcoast-cars.api.tests\westcoast-cars.api.tests.csproj", "{A7D68882-D493-4A74-9259-7949C1AF58A5}"
EndProject
Project("{FAE04EC0-301F-11D3-BF4B-00C04F79EFBC}") = "westcoast-cars.api", "westcoast-cars.api\westcoast-cars.api.csproj", "{548EC7CF-2010-481E-A4FA-90C289AC1D29}"
EndProject
Project("{2150E333-8FDC-42A3-9474-1A3956D46DE8}") = "westcoast-cars.auth", "westcoast-cars.auth", "{4DA1F0AC-055D-F1C0-DFF0-4B13F7B2E0C4}"
EndProject
Project("{2150E333-8FDC-42A3-9474-1A3956D46DE8}") = "Api", "Api", "{910ACB82-A8A0-1A58-29FB-BBF65A4C4D8F}"
EndProject
Project("{FAE04EC0-301F-11D3-BF4B-00C04F79EFBC}") = "WestcoastCars.Auth.Api", "westcoast-cars.auth\Api\WestcoastCars.Auth.Api.csproj", "{B0754308-5523-4E09-89BA-6F4E70FA3906}"
EndProject
Project("{FAE04EC0-301F-11D3-BF4B-00C04F79EFBC}") = "WestcoastCars.Auth.Application", "westcoast-cars.auth\Application\WestcoastCars.Auth.Application.csproj", "{93EABE8C-7645-4816-A655-3336853AF50E}"
EndProject
Project("{FAE04EC0-301F-11D3-BF4B-00C04F79EFBC}") = "WestcoastCars.Auth.Contracts", "westcoast-cars.auth\Contracts\WestcoastCars.Auth.Contracts.csproj", "{8493B5B9-157A-4C5A-A8A5-26F87A4B4186}"
EndProject
Project("{FAE04EC0-301F-11D3-BF4B-00C04F79EFBC}") = "WestcoastCars.Auth.Domain", "westcoast-cars.auth\Domain\WestcoastCars.Auth.Domain.csproj", "{C3B34B4E-D277-40C9-8D0A-4FA7E6EF4CF2}"
EndProject
Project("{FAE04EC0-301F-11D3-BF4B-00C04F79EFBC}") = "WestcoastCars.Auth.Infrastructure", "westcoast-cars.auth\Infrastructure\WestcoastCars.Auth.Infrastructure.csproj", "{27AD30D5-8543-461E-8139-2528F4EED507}"
EndProject
Project("{FAE04EC0-301F-11D3-BF4B-00C04F79EFBC}") = "WestcoastCars.Auth.Tests", "westcoast-cars.auth\WestcoastCars.Auth.Tests\WestcoastCars.Auth.Tests.csproj", "{6313CBCF-DCEA-41FF-AFF8-4931FDFED05B}"
EndProject
Project("{FAE04EC0-301F-11D3-BF4B-00C04F79EFBC}") = "westcoast-cars.web", "westcoast-cars.web\westcoast-cars.web.csproj", "{E855F3AD-F520-4EB6-937D-9E69C28901D2}"
EndProject
Project("{FAE04EC0-301F-11D3-BF4B-00C04F79EFBC}") = "WestcoastCars.Application", "WestcoastCars.Application\WestcoastCars.Application.csproj", "{1DF60279-5347-470D-BDF0-926C1DE7B4C6}"
EndProject
Project("{FAE04EC0-301F-11D3-BF4B-00C04F79EFBC}") = "WestcoastCars.Contracts", "WestcoastCars.Contracts\WestcoastCars.Contracts.csproj", "{A8A02385-AF34-422C-B89B-872C05B3EDF9}"
EndProject
Project("{FAE04EC0-301F-11D3-BF4B-00C04F79EFBC}") = "WestcoastCars.Domain", "WestcoastCars.Domain\WestcoastCars.Domain.csproj", "{977888C7-4ABE-4D66-8CE6-B81F9E3F4D4E}"
EndProject
Project("{FAE04EC0-301F-11D3-BF4B-00C04F79EFBC}") = "WestcoastCars.Infrastructure", "WestcoastCars.Infrastructure\WestcoastCars.Infrastructure.csproj", "{9F26763A-E473-4A9D-AD3A-1D1FBD4E0044}"
EndProject
Global
	GlobalSection(SolutionConfigurationPlatforms) = preSolution
		Debug|Any CPU = Debug|Any CPU
		Debug|x64 = Debug|x64
		Debug|x86 = Debug|x86
		Release|Any CPU = Release|Any CPU
		Release|x64 = Release|x64
		Release|x86 = Release|x86
	EndGlobalSection
	GlobalSection(ProjectConfigurationPlatforms) = postSolution
		{A7D68882-D493-4A74-9259-7949C1AF58A5}.Debug|Any CPU.ActiveCfg = Debug|Any CPU
		{A7D68882-D493-4A74-9259-7949C1AF58A5}.Debug|Any CPU.Build.0 = Debug|Any CPU
		{A7D68882-D493-4A74-9259-7949C1AF58A5}.Debug|x64.ActiveCfg = Debug|Any CPU
		{A7D68882-D493-4A74-9259-7949C1AF58A5}.Debug|x64.Build.0 = Debug|Any CPU
		{A7D68882-D493-4A74-9259-7949C1AF58A5}.Debug|x86.ActiveCfg = Debug|Any CPU
		{A7D68882-D493-4A74-9259-7949C1AF58A5}.Debug|x86.Build.0 = Debug|Any CPU
		{A7D68882-D493-4A74-9259-7949C1AF58A5}.Release|Any CPU.ActiveCfg = Release|Any CPU
		{A7D68882-D493-4A74-9259-7949C1AF58A5}.Release|Any CPU.Build.0 = Release|Any CPU
		{A7D68882-D493-4A74-9259-7949C1AF58A5}.Release|x64.ActiveCfg = Release|Any CPU
		{A7D68882-D493-4A74-9259-7949C1AF58A5}.Release|x64.Build.0 = Release|Any CPU
		{A7D68882-D493-4A74-9259-7949C1AF58A5}.Release|x86.ActiveCfg = Release|Any CPU
		{A7D68882-D493-4A74-9259-7949C1AF58A5}.Release|x86.Build.0 = Release|Any CPU
		{548EC7CF-2010-481E-A4FA-90C289AC1D29}.Debug|Any CPU.ActiveCfg = Debug|Any CPU
		{548EC7CF-2010-481E-A4FA-90C289AC1D29}.Debug|Any CPU.Build.0 = Debug|Any CPU
		{548EC7CF-2010-481E-A4FA-90C289AC1D29}.Debug|x64.ActiveCfg = Debug|Any CPU
		{548EC7CF-2010-481E-A4FA-90C289AC1D29}.Debug|x64.Build.0 = Debug|Any CPU
		{548EC7CF-2010-481E-A4FA-90C289AC1D29}.Debug|x86.ActiveCfg = Debug|Any CPU
		{548EC7CF-2010-481E-A4FA-90C289AC1D29}.Debug|x86.Build.0 = Debug|Any CPU
		{548EC7CF-2010-481E-A4FA-90C289AC1D29}.Release|Any CPU.ActiveCfg = Release|Any CPU
		{548EC7CF-2010-481E-A4FA-90C289AC1D29}.Release|Any CPU.Build.0 = Release|Any CPU
		{548EC7CF-2010-481E-A4FA-90C289AC1D29}.Release|x64.ActiveCfg = Release|Any CPU
		{548EC7CF-2010-481E-A4FA-90C289AC1D29}.Release|x64.Build.0 = Release|Any CPU
		{548EC7CF-2010-481E-A4FA-90C289AC1D29}.Release|x86.ActiveCfg = Release|Any CPU
		{548EC7CF-2010-481E-A4FA-90C289AC1D29}.Release|x86.Build.0 = Release|Any CPU
		{B0754308-5523-4E09-89BA-6F4E70FA3906}.Debug|Any CPU.ActiveCfg = Debug|Any CPU
		{B0754308-5523-4E09-89BA-6F4E70FA3906}.Debug|Any CPU.Build.0 = Debug|Any CPU
		{B0754308-5523-4E09-89BA-6F4E70FA3906}.Debug|x64.ActiveCfg = Debug|Any CPU
		{B0754308-5523-4E09-89BA-6F4E70FA3906}.Debug|x64.Build.0 = Debug|Any CPU
		{B0754308-5523-4E09-89BA-6F4E70FA3906}.Debug|x86.ActiveCfg = Debug|Any CPU
		{B0754308-5523-4E09-89BA-6F4E70FA3906}.Debug|x86.Build.0 = Debug|Any CPU
		{B0754308-5523-4E09-89BA-6F4E70FA3906}.Release|Any CPU.ActiveCfg = Release|Any CPU
		{B0754308-5523-4E09-89BA-6F4E70FA3906}.Release|Any CPU.Build.0 = Release|Any CPU
		{B0754308-5523-4E09-89BA-6F4E70FA3906}.Release|x64.ActiveCfg = Release|Any CPU
		{B0754308-5523-4E09-89BA-6F4E70FA3906}.Release|x64.Build.0 = Release|Any CPU
		{B0754308-5523-4E09-89BA-6F4E70FA3906}.Release|x86.ActiveCfg = Release|Any CPU
		{B0754308-5523-4E09-89BA-6F4E70FA3906}.Release|x86.Build.0 = Release|Any CPU
		{93EABE8C-7645-4816-A655-3336853AF50E}.Debug|Any CPU.ActiveCfg = Debug|Any CPU
		{93EABE8C-7645-4816-A655-3336853AF50E}.Debug|Any CPU.Build.0 = Debug|Any CPU
		{93EABE8C-7645-4816-A655-3336853AF50E}.Debug|x64.ActiveCfg = Debug|Any CPU
		{93EABE8C-7645-4816-A655-3336853AF50E}.Debug|x64.Build.0 = Debug|Any CPU
		{93EABE8C-7645-4816-A655-3336853AF50E}.Debug|x86.ActiveCfg = Debug|Any CPU
		{93EABE8C-7645-4816-A655-3336853AF50E}.Debug|x86.Build.0 = Debug|Any CPU
		{93EABE8C-7645-4816-A655-3336853AF50E}.Release|Any CPU.ActiveCfg = Release|Any CPU
		{93EABE8C-7645-4816-A655-3336853AF50E}.Release|Any CPU.Build.0 = Release|Any CPU
		{93EABE8C-7645-4816-A655-3336853AF50E}.Release|x64.ActiveCfg = Release|Any CPU
		{93EABE8C-7645-4816-A655-3336853AF50E}.Release|x64.Build.0 = Release|Any CPU
		{93EABE8C-7645-4816-A655-3336853AF50E}.Release|x86.ActiveCfg = Release|Any CPU
		{93EABE8C-7645-4816-A655-3336853AF50E}.Release|x86.Build.0 = Release|Any CPU
		{8493B5B9-157A-4C5A-A8A5-26F87A4B4186}.Debug|Any CPU.ActiveCfg = Debug|Any CPU
		{8493B5B9-157A-4C5A-A8A5-26F87A4B4186}.Debug|Any CPU.Build.0 = Debug|Any CPU
		{8493B5B9-157A-4C5A-A8A5-26F87A4B4186}.Debug|x64.ActiveCfg = Debug|Any CPU
		{8493B5B9-157A-4C5A-A8A5-26F87A4B4186}.Debug|x64.Build.0 = Debug|Any CPU
		{8493B5B9-157A-4C5A-A8A5-26F87A4B4186}.Debug|x86.ActiveCfg = Debug|Any CPU
		{8493B5B9-157A-4C5A-A8A5-26F87A4B4186}.Debug|x86.Build.0 = Debug|Any CPU
		{8493B5B9-157A-4C5A-A8A5-26F87A4B4186}.Release|Any CPU.ActiveCfg = Release|Any CPU
		{8493B5B9-157A-4C5A-A8A5-26F87A4B4186}.Release|Any CPU.Build.0 = Release|Any CPU
		{8493B5B9-157A-4C5A-A8A5-26F87A4B4186}.Release|x64.ActiveCfg = Release|Any CPU
		{8493B5B9-157A-4C5A-A8A5-26F87A4B4186}.Release|x64.Build.0 = Release|Any CPU
		{8493B5B9-157A-4C5A-A8A5-26F87A4B4186}.Release|x86.ActiveCfg = Release|Any CPU
		{8493B5B9-157A-4C5A-A8A5-26F87A4B4186}.Release|x86.Build.0 = Release|Any CPU
		{C3B34B4E-D277-40C9-8D0A-4FA7E6EF4CF2}.Debug|Any CPU.ActiveCfg = Debug|Any CPU
		{C3B34B4E-D277-40C9-8D0A-4FA7E6EF4CF2}.Debug|Any CPU.Build.0 = Debug|Any CPU
		{C3B34B4E-D277-40C9-8D0A-4FA7E6EF4CF2}.Debug|x64.ActiveCfg = Debug|Any CPU
		{C3B34B4E-D277-40C9-8D0A-4FA7E6EF4CF2}.Debug|x64.Build.0 = Debug|Any CPU
		{C3B34B4E-D277-40C9-8D0A-4FA7E6EF4CF2}.Debug|x86.ActiveCfg = Debug|Any CPU
		{C3B34B4E-D277-40C9-8D0A-4FA7E6EF4CF2}.Debug|x86.Build.0 = Debug|Any CPU
		{C3B34B4E-D277-40C9-8D0A-4FA7E6EF4CF2}.Release|Any CPU.ActiveCfg = Release|Any CPU
		{C3B34B4E-D277-40C9-8D0A-4FA7E6EF4CF2}.Release|Any CPU.Build.0 = Release|Any CPU
		{C3B34B4E-D277-40C9-8D0A-4FA7E6EF4CF2}.Release|x64.ActiveCfg = Release|Any CPU
		{C3B34B4E-D277-40C9-8D0A-4FA7E6EF4CF2}.Release|x64.Build.0 = Release|Any CPU
		{C3B34B4E-D277-40C9-8D0A-4FA7E6EF4CF2}.Release|x86.ActiveCfg = Release|Any CPU
		{C3B34B4E-D277-40C9-8D0A-4FA7E6EF4CF2}.Release|x86.Build.0 = Release|Any CPU
		{27AD30D5-8543-461E-8139-2528F4EED507}.Debug|Any CPU.ActiveCfg = Debug|Any CPU
		{27AD30D5-8543-461E-8139-2528F4EED507}.Debug|Any CPU.Build.0 = Debug|Any CPU
		{27AD30D5-8543-461E-8139-2528F4EED507}.Debug|x64.ActiveCfg = Debug|Any CPU
		{27AD30D5-8543-461E-8139-2528F4EED507}.Debug|x64.Build.0 = Debug|Any CPU
		{27AD30D5-8543-461E-8139-2528F4EED507}.Debug|x86.ActiveCfg = Debug|Any CPU
		{27AD30D5-8543-461E-8139-2528F4EED507}.Debug|x86.Build.0 = Debug|Any CPU
		{27AD30D5-8543-461E-8139-2528F4EED507}.Release|Any CPU.ActiveCfg = Release|Any CPU
		{27AD30D5-8543-461E-8139-2528F4EED507}.Release|Any CPU.Build.0 = Release|Any CPU
		{27AD30D5-8543-461E-8139-2528F4EED507}.Release|x64.ActiveCfg = Release|Any CPU
		{27AD30D5-8543-461E-8139-2528F4EED507}.Release|x64.Build.0 = Release|Any CPU
		{27AD30D5-8543-461E-8139-2528F4EED507}.Release|x86.ActiveCfg = Release|Any CPU
		{27AD30D5-8543-461E-8139-2528F4EED507}.Release|x86.Build.0 = Release|Any CPU
		{6313CBCF-DCEA-41FF-AFF8-4931FDFED05B}.Debug|Any CPU.ActiveCfg = Debug|Any CPU
		{6313CBCF-DCEA-41FF-AFF8-4931FDFED05B}.Debug|Any CPU.Build.0 = Debug|Any CPU
		{6313CBCF-DCEA-41FF-AFF8-4931FDFED05B}.Debug|x64.ActiveCfg = Debug|Any CPU
		{6313CBCF-DCEA-41FF-AFF8-4931FDFED05B}.Debug|x64.Build.0 = Debug|Any CPU
		{6313CBCF-DCEA-41FF-AFF8-4931FDFED05B}.Debug|x86.ActiveCfg = Debug|Any CPU
		{6313CBCF-DCEA-41FF-AFF8-4931FDFED05B}.Debug|x86.Build.0 = Debug|Any CPU
		{6313CBCF-DCEA-41FF-AFF8-4931FDFED05B}.Release|Any CPU.ActiveCfg = Release|Any CPU
		{6313CBCF-DCEA-41FF-AFF8-4931FDFED05B}.Release|Any CPU.Build.0 = Release|Any CPU
		{6313CBCF-DCEA-41FF-AFF8-4931FDFED05B}.Release|x64.ActiveCfg = Release|Any CPU
		{6313CBCF-DCEA-41FF-AFF8-4931FDFED05B}.Release|x64.Build.0 = Release|Any CPU
		{6313CBCF-DCEA-41FF-AFF8-4931FDFED05B}.Release|x86.ActiveCfg = Release|Any CPU
		{6313CBCF-DCEA-41FF-AFF8-4931FDFED05B}.Release|x86.Build.0 = Release|Any CPU
		{E855F3AD-F520-4EB6-937D-9E69C28901D2}.Debug|Any CPU.ActiveCfg = Debug|Any CPU
		{E855F3AD-F520-4EB6-937D-9E69C28901D2}.Debug|Any CPU.Build.0 = Debug|Any CPU
		{E855F3AD-F520-4EB6-937D-9E69C28901D2}.Debug|x64.ActiveCfg = Debug|Any CPU
		{E855F3AD-F520-4EB6-937D-9E69C28901D2}.Debug|x64.Build.0 = Debug|Any CPU
		{E855F3AD-F520-4EB6-937D-9E69C28901D2}.Debug|x86.ActiveCfg = Debug|Any CPU
		{E855F3AD-F520-4EB6-937D-9E69C28901D2}.Debug|x86.Build.0 = Debug|Any CPU
		{E855F3AD-F520-4EB6-937D-9E69C28901D2}.Release|Any CPU.ActiveCfg = Release|Any CPU
		{E855F3AD-F520-4EB6-937D-9E69C28901D2}.Release|Any CPU.Build.0 = Release|Any CPU
		{E855F3AD-F520-4EB6-937D-9E69C28901D2}.Release|x64.ActiveCfg = Release|Any CPU
		{E855F3AD-F520-4EB6-937D-9E69C28901D2}.Release|x64.Build.0 = Release|Any CPU
		{E855F3AD-F520-4EB6-937D-9E69C28901D2}.Release|x86.ActiveCfg = Release|Any CPU
		{E855F3AD-F520-4EB6-937D-9E69C28901D2}.Release|x86.Build.0 = Release|Any CPU
		{1DF60279-5347-470D-BDF0-926C1DE7B4C6}.Debug|Any CPU.ActiveCfg = Debug|Any CPU
		{1DF60279-5347-470D-BDF0-926C1DE7B4C6}.Debug|Any CPU.Build.0 = Debug|Any CPU
		{1DF60279-5347-470D-BDF0-926C1DE7B4C6}.Debug|x64.ActiveCfg = Debug|Any CPU
		{1DF60279-5347-470D-BDF0-926C1DE7B4C6}.Debug|x64.Build.0 = Debug|Any CPU
		{1DF60279-5347-470D-BDF0-926C1DE7B4C6}.Debug|x86.ActiveCfg = Debug|Any CPU
		{1DF60279-5347-470D-BDF0-926C1DE7B4C6}.Debug|x86.Build.0 = Debug|Any CPU
		{1DF60279-5347-470D-BDF0-926C1DE7B4C6}.Release|Any CPU.ActiveCfg = Release|Any CPU
		{1DF60279-5347-470D-BDF0-926C1DE7B4C6}.Release|Any CPU.Build.0 = Release|Any CPU
		{1DF60279-5347-470D-BDF0-926C1DE7B4C6}.Release|x64.ActiveCfg = Release|Any CPU
		{1DF60279-5347-470D-BDF0-926C1DE7B4C6}.Release|x64.Build.0 = Release|Any CPU
		{1DF60279-5347-470D-BDF0-926C1DE7B4C6}.Release|x86.ActiveCfg = Release|Any CPU
		{1DF60279-5347-470D-BDF0-926C1DE7B4C6}.Release|x86.Build.0 = Release|Any CPU
		{A8A02385-AF34-422C-B89B-872C05B3EDF9}.Debug|Any CPU.ActiveCfg = Debug|Any CPU
		{A8A02385-AF34-422C-B89B-872C05B3EDF9}.Debug|Any CPU.Build.0 = Debug|Any CPU
		{A8A02385-AF34-422C-B89B-872C05B3EDF9}.Debug|x64.ActiveCfg = Debug|Any CPU
		{A8A02385-AF34-422C-B89B-872C05B3EDF9}.Debug|x64.Build.0 = Debug|Any CPU
		{A8A02385-AF34-422C-B89B-872C05B3EDF9}.Debug|x86.ActiveCfg = Debug|Any CPU
		{A8A02385-AF34-422C-B89B-872C05B3EDF9}.Debug|x86.Build.0 = Debug|Any CPU
		{A8A02385-AF34-422C-B89B-872C05B3EDF9}.Release|Any CPU.ActiveCfg = Release|Any CPU
		{A8A02385-AF34-422C-B89B-872C05B3EDF9}.Release|Any CPU.Build.0 = Release|Any CPU
		{A8A02385-AF34-422C-B89B-872C05B3EDF9}.Release|x64.ActiveCfg = Release|Any CPU
		{A8A02385-AF34-422C-B89B-872C05B3EDF9}.Release|x64.Build.0 = Release|Any CPU
		{A8A02385-AF34-422C-B89B-872C05B3EDF9}.Release|x86.ActiveCfg = Release|Any CPU
		{A8A02385-AF34-422C-B89B-872C05B3EDF9}.Release|x86.Build.0 = Release|Any CPU
		{977888C7-4ABE-4D66-8CE6-B81F9E3F4D4E}.Debug|Any CPU.ActiveCfg = Debug|Any CPU
		{977888C7-4ABE-4D66-8CE6-B81F9E3F4D4E}.Debug|Any CPU.Build.0 = Debug|Any CPU
		{977888C7-4ABE-4D66-8CE6-B81F9E3F4D4E}.Debug|x64.ActiveCfg = Debug|Any CPU
		{977888C7-4ABE-4D66-8CE6-B81F9E3F4D4E}.Debug|x64.Build.0 = Debug|Any CPU
		{977888C7-4ABE-4D66-8CE6-B81F9E3F4D4E}.Debug|x86.ActiveCfg = Debug|Any CPU
		{977888C7-4ABE-4D66-8CE6-B81F9E3F4D4E}.Debug|x86.Build.0 = Debug|Any CPU
		{977888C7-4ABE-4D66-8CE6-B81F9E3F4D4E}.Release|Any CPU.ActiveCfg = Release|Any CPU
		{977888C7-4ABE-4D66-8CE6-B81F9E3F4D4E}.Release|Any CPU.Build.0 = Release|Any CPU
		{977888C7-4ABE-4D66-8CE6-B81F9E3F4D4E}.Release|x64.ActiveCfg = Release|Any CPU
		{977888C7-4ABE-4D66-8CE6-B81F9E3F4D4E}.Release|x64.Build.0 = Release|Any CPU
		{977888C7-4ABE-4D66-8CE6-B81F9E3F4D4E}.Release|x86.ActiveCfg = Release|Any CPU
		{977888C7-4ABE-4D66-8CE6-B81F9E3F4D4E}.Release|x86.Build.0 = Release|Any CPU
		{9F26763A-E473-4A9D-AD3A-1D1FBD4E0044}.Debug|Any CPU.ActiveCfg = Debug|Any CPU
		{9F26763A-E473-4A9D-AD3A-1D1FBD4E0044}.Debug|Any CPU.Build.0 = Debug|Any CPU
		{9F26763A-E473-4A9D-AD3A-1D1FBD4E0044}.Debug|x64.ActiveCfg = Debug|Any CPU
		{9F26763A-E473-4A9D-AD3A-1D1FBD4E0044}.Debug|x64.Build.0 = Debug|Any CPU
		{9F26763A-E473-4A9D-AD3A-1D1FBD4E0044}.Debug|x86.ActiveCfg = Debug|Any CPU
		{9F26763A-E473-4A9D-AD3A-1D1FBD4E0044}.Debug|x86.Build.0 = Debug|Any CPU
		{9F26763A-E473-4A9D-AD3A-1D1FBD4E0044}.Release|Any CPU.ActiveCfg = Release|Any CPU
		{9F26763A-E473-4A9D-AD3A-1D1FBD4E0044}.Release|Any CPU.Build.0 = Release|Any CPU
		{9F26763A-E473-4A9D-AD3A-1D1FBD4E0044}.Release|x64.ActiveCfg = Release|Any CPU
		{9F26763A-E473-4A9D-AD3A-1D1FBD4E0044}.Release|x64.Build.0 = Release|Any CPU
		{9F26763A-E473-4A9D-AD3A-1D1FBD4E0044}.Release|x86.ActiveCfg = Release|Any CPU
		{9F26763A-E473-4A9D-AD3A-1D1FBD4E0044}.Release|x86.Build.0 = Release|Any CPU
	EndGlobalSection
	GlobalSection(SolutionProperties) = preSolution
		HideSolutionNode = FALSE
	EndGlobalSection
	GlobalSection(NestedProjects) = preSolution
		{910ACB82-A8A0-1A58-29FB-BBF65A4C4D8F} = {4DA1F0AC-055D-F1C0-DFF0-4B13F7B2E0C4}
		{B0754308-5523-4E09-89BA-6F4E70FA3906} = {910ACB82-A8A0-1A58-29FB-BBF65A4C4D8F}
		{93EABE8C-7645-4816-A655-3336853AF50E} = {910ACB82-A8A0-1A58-29FB-BBF65A4C4D8F}
		{8493B5B9-157A-4C5A-A8A5-26F87A4B4186} = {910ACB82-A8A0-1A58-29FB-BBF65A4C4D8F}
		{C3B34B4E-D277-40C9-8D0A-4FA7E6EF4CF2} = {910ACB82-A8A0-1A58-29FB-BBF65A4C4D8F}
		{27AD30D5-8543-461E-8139-2528F4EED507} = {910ACB82-A8A0-1A58-29FB-BBF65A4C4D8F}
		{6313CBCF-DCEA-41FF-AFF8-4931FDFED05B} = {910ACB82-A8A0-1A58-29FB-BBF65A4C4D8F}
		{E855F3AD-F520-4EB6-937D-9E69C28901D2} = {910ACB82-A8A0-1A58-29FB-BBF65A4C4D8F}
		{1DF60279-5347-470D-BDF0-926C1DE7B4C6} = {910ACB82-A8A0-1A58-29FB-BBF65A4C4D8F}
		{A8A02385-AF34-422C-B89B-872C05B3EDF9} = {910ACB82-A8A0-1A58-29FB-BBF65A4C4D8F}
		{977888C7-4ABE-4D66-8CE6-B81F9E3F4D4E} = {910ACB82-A8A0-1A58-29FB-BBF65A4C4D8F}
		{9F26763A-E473-4A9D-AD3A-1D1FBD4E0044} = {910ACB82-A8A0-1A58-29FB-BBF65A4C4D8F}
	EndGlobalSection
EndGlobal
