Microsoft Visual Studio Solution File, Format Version 12.00
# Visual Studio Version 17
VisualStudioVersion = 17.0.31903.59
MinimumVisualStudioVersion = 10.0.40219.1
Project("{FAE04EC0-301F-11D3-BF4B-00C04F79EFBC}") = "WestcoastCars.Api.Tests", "WestcoastCars.Api.Tests\WestcoastCars.Api.Tests.csproj", "{A7D68882-D493-4A74-9259-7949C1AF58A5}"
EndProject
Project("{FAE04EC0-301F-11D3-BF4B-00C04F79EFBC}") = "WestcoastCars.Api", "WestcoastCars.Api\WestcoastCars.Api.csproj", "{548EC7CF-2010-481E-A4FA-90C289AC1D29}"
EndProject
Project("{FAE04EC0-301F-11D3-BF4B-00C04F79EFBC}") = "WestcoastCars.Web", "WestcoastCars.Web\WestcoastCars.Web.csproj", "{E855F3AD-F520-4EB6-937D-9E69C28901D2}"
EndProject
Project("{FAE04EC0-301F-11D3-BF4B-00C04F79EFBC}") = "WestcoastCars.Application", "WestcoastCars.Application\WestcoastCars.Application.csproj", "{1DF60279-5347-470D-BDF0-926C1DE7B4C6}"
EndProject
Project("{FAE04EC0-301F-11D3-BF4B-00C04F79EFBC}") = "WestcoastCars.Contracts", "WestcoastCars.Contracts\WestcoastCars.Contracts.csproj", "{A8A02385-AF34-422C-B89B-872C05B3EDF9}"
EndProject
Project("{FAE04EC0-301F-11D3-BF4B-00C04F79EFBC}") = "WestcoastCars.Domain", "WestcoastCars.Domain\WestcoastCars.Domain.csproj", "{977888C7-4ABE-4D66-8CE6-B81F9E3F4D4E}"
EndProject
Project("{FAE04EC0-301F-11D3-BF4B-00C04F79EFBC}") = "WestcoastCars.Infrastructure", "WestcoastCars.Infrastructure\WestcoastCars.Infrastructure.csproj", "{9F26763A-E473-4A9D-AD3A-1D1FBD4E0044}"
EndProject
Project("{FAE04EC0-301F-11D3-BF4B-00C04F79EFBC}") = "WestcoastCars.Application.Tests", "WestcoastCars.Application.Tests\WestcoastCars.Application.Tests.csproj", "{96CC295D-4AB9-4799-865A-E0BAEF1E54B1}"
EndProject
Project("{FAE04EC0-301F-11D3-BF4B-00C04F79EFBC}") = "WestcoastCars.Api.IntegrationTests", "WestcoastCars.Api.IntegrationTests\WestcoastCars.Api.IntegrationTests.csproj", "{B95F2BF2-1188-4FF7-B3C4-6D8B8B00D7D2}"
EndProject
Project("{66A26720-8FB5-11D2-AA7E-00C04F688DDE}") = "Api", "Api", "{03FB1595-BF8B-4956-8382-25840353B2F3}"
EndProject
Project("{66A26720-8FB5-11D2-AA7E-00C04F688DDE}") = "Web", "Web", "{9955640C-2B97-44D5-90E0-9000C30BE3A0}"
EndProject
Project("{66A26720-8FB5-11D2-AA7E-00C04F688DDE}") = "Tests", "Tests", "{A26D2F47-2180-4C62-B5A3-09E8F1A92D8D}"
EndProject
Global
	GlobalSection(SolutionConfigurationPlatforms) = preSolution
		Debug|Any CPU = Debug|Any CPU
		Debug|x64 = Debug|x64
		Debug|x86 = Debug|x86
		Release|Any CPU = Release|Any CPU
		Release|x64 = Release|x64
		Release|x86 = Release|x86
	EndGlobalSection
	GlobalSection(ProjectConfigurationPlatforms) = postSolution
		{A7D68882-D493-4A74-9259-7949C1AF58A5}.Debug|Any CPU.ActiveCfg = Debug|Any CPU
		{A7D68882-D493-4A74-9259-7949C1AF58A5}.Debug|Any CPU.Build.0 = Debug|Any CPU
		{A7D68882-D493-4A74-9259-7949C1AF58A5}.Debug|x64.ActiveCfg = Debug|Any CPU
		{A7D68882-D493-4A74-9259-7949C1AF58A5}.Debug|x64.Build.0 = Debug|Any CPU
		{A7D68882-D493-4A74-9259-7949C1AF58A5}.Debug|x86.ActiveCfg = Debug|Any CPU
		{A7D68882-D493-4A74-9259-7949C1AF58A5}.Debug|x86.Build.0 = Debug|Any CPU
		{A7D68882-D493-4A74-9259-7949C1AF58A5}.Release|Any CPU.ActiveCfg = Release|Any CPU
		{A7D68882-D493-4A74-9259-7949C1AF58A5}.Release|Any CPU.Build.0 = Release|Any CPU
		{A7D68882-D493-4A74-9259-7949C1AF58A5}.Release|x64.ActiveCfg = Release|Any CPU
		{A7D68882-D493-4A74-9259-7949C1AF58A5}.Release|x64.Build.0 = Release|Any CPU
		{A7D68882-D493-4A74-9259-7949C1AF58A5}.Release|x86.ActiveCfg = Release|Any CPU
		{A7D68882-D493-4A74-9259-7949C1AF58A5}.Release|x86.Build.0 = Release|Any CPU
		{548EC7CF-2010-481E-A4FA-90C289AC1D29}.Debug|Any CPU.ActiveCfg = Debug|Any CPU
		{548EC7CF-2010-481E-A4FA-90C289AC1D29}.Debug|Any CPU.Build.0 = Debug|Any CPU
		{548EC7CF-2010-481E-A4FA-90C289AC1D29}.Debug|x64.ActiveCfg = Debug|Any CPU
		{548EC7CF-2010-481E-A4FA-90C289AC1D29}.Debug|x64.Build.0 = Debug|Any CPU
		{548EC7CF-2010-481E-A4FA-90C289AC1D29}.Debug|x86.ActiveCfg = Debug|Any CPU
		{548EC7CF-2010-481E-A4FA-90C289AC1D29}.Debug|x86.Build.0 = Debug|Any CPU
		{548EC7CF-2010-481E-A4FA-90C289AC1D29}.Release|Any CPU.ActiveCfg = Release|Any CPU
		{548EC7CF-2010-481E-A4FA-90C289AC1D29}.Release|Any CPU.Build.0 = Release|Any CPU
		{548EC7CF-2010-481E-A4FA-90C289AC1D29}.Release|x64.ActiveCfg = Release|Any CPU
		{548EC7CF-2010-481E-A4FA-90C289AC1D29}.Release|x64.Build.0 = Release|Any CPU
		{548EC7CF-2010-481E-A4FA-90C289AC1D29}.Release|x86.ActiveCfg = Release|Any CPU
		{548EC7CF-2010-481E-A4FA-90C289AC1D29}.Release|x86.Build.0 = Release|Any CPU
		{E855F3AD-F520-4EB6-937D-9E69C28901D2}.Debug|Any CPU.ActiveCfg = Debug|Any CPU
		{E855F3AD-F520-4EB6-937D-9E69C28901D2}.Debug|Any CPU.Build.0 = Debug|Any CPU
		{E855F3AD-F520-4EB6-937D-9E69C28901D2}.Debug|x64.ActiveCfg = Debug|Any CPU
		{E855F3AD-F520-4EB6-937D-9E69C28901D2}.Debug|x64.Build.0 = Debug|Any CPU
		{E855F3AD-F520-4EB6-937D-9E69C28901D2}.Debug|x86.ActiveCfg = Debug|Any CPU
		{E855F3AD-F520-4EB6-937D-9E69C28901D2}.Debug|x86.Build.0 = Debug|Any CPU
		{E855F3AD-F520-4EB6-937D-9E69C28901D2}.Release|Any CPU.ActiveCfg = Release|Any CPU
		{E855F3AD-F520-4EB6-937D-9E69C28901D2}.Release|Any CPU.Build.0 = Release|Any CPU
		{E855F3AD-F520-4EB6-937D-9E69C28901D2}.Release|x64.ActiveCfg = Release|Any CPU
		{E855F3AD-F520-4EB6-937D-9E69C28901D2}.Release|x64.Build.0 = Release|Any CPU
		{E855F3AD-F520-4EB6-937D-9E69C28901D2}.Release|x86.ActiveCfg = Release|Any CPU
		{E855F3AD-F520-4EB6-937D-9E69C28901D2}.Release|x86.Build.0 = Release|Any CPU
		{1DF60279-5347-470D-BDF0-926C1DE7B4C6}.Debug|Any CPU.ActiveCfg = Debug|Any CPU
		{1DF60279-5347-470D-BDF0-926C1DE7B4C6}.Debug|Any CPU.Build.0 = Debug|Any CPU
		{1DF60279-5347-470D-BDF0-926C1DE7B4C6}.Debug|x64.ActiveCfg = Debug|Any CPU
		{1DF60279-5347-470D-BDF0-926C1DE7B4C6}.Debug|x64.Build.0 = Debug|Any CPU
		{1DF60279-5347-470D-BDF0-926C1DE7B4C6}.Debug|x86.ActiveCfg = Debug|Any CPU
		{1DF60279-5347-470D-BDF0-926C1DE7B4C6}.Debug|x86.Build.0 = Debug|Any CPU
		{1DF60279-5347-470D-BDF0-926C1DE7B4C6}.Release|Any CPU.ActiveCfg = Release|Any CPU
		{1DF60279-5347-470D-BDF0-926C1DE7B4C6}.Release|Any CPU.Build.0 = Release|Any CPU
		{1DF60279-5347-470D-BDF0-926C1DE7B4C6}.Release|x64.ActiveCfg = Release|Any CPU
		{1DF60279-5347-470D-BDF0-926C1DE7B4C6}.Release|x64.Build.0 = Release|Any CPU
		{1DF60279-5347-470D-BDF0-926C1DE7B4C6}.Release|x86.ActiveCfg = Release|Any CPU
		{1DF60279-5347-470D-BDF0-926C1DE7B4C6}.Release|x86.Build.0 = Release|Any CPU
		{A8A02385-AF34-422C-B89B-872C05B3EDF9}.Debug|Any CPU.ActiveCfg = Debug|Any CPU
		{A8A02385-AF34-422C-B89B-872C05B3EDF9}.Debug|Any CPU.Build.0 = Debug|Any CPU
		{A8A02385-AF34-422C-B89B-872C05B3EDF9}.Debug|x64.ActiveCfg = Debug|Any CPU
		{A8A02385-AF34-422C-B89B-872C05B3EDF9}.Debug|x64.Build.0 = Debug|Any CPU
		{A8A02385-AF34-422C-B89B-872C05B3EDF9}.Debug|x86.ActiveCfg = Debug|Any CPU
		{A8A02385-AF34-422C-B89B-872C05B3EDF9}.Debug|x86.Build.0 = Debug|Any CPU
		{A8A02385-AF34-422C-B89B-872C05B3EDF9}.Release|Any CPU.ActiveCfg = Release|Any CPU
		{A8A02385-AF34-422C-B89B-872C05B3EDF9}.Release|Any CPU.Build.0 = Release|Any CPU
		{A8A02385-AF34-422C-B89B-872C05B3EDF9}.Release|x64.ActiveCfg = Release|Any CPU
		{A8A02385-AF34-422C-B89B-872C05B3EDF9}.Release|x64.Build.0 = Release|Any CPU
		{A8A02385-AF34-422C-B89B-872C05B3EDF9}.Release|x86.ActiveCfg = Release|Any CPU
		{A8A02385-AF34-422C-B89B-872C05B3EDF9}.Release|x86.Build.0 = Release|Any CPU
		{977888C7-4ABE-4D66-8CE6-B81F9E3F4D4E}.Debug|Any CPU.ActiveCfg = Debug|Any CPU
		{977888C7-4ABE-4D66-8CE6-B81F9E3F4D4E}.Debug|Any CPU.Build.0 = Debug|Any CPU
		{977888C7-4ABE-4D66-8CE6-B81F9E3F4D4E}.Debug|x64.ActiveCfg = Debug|Any CPU
		{977888C7-4ABE-4D66-8CE6-B81F9E3F4D4E}.Debug|x64.Build.0 = Debug|Any CPU
		{977888C7-4ABE-4D66-8CE6-B81F9E3F4D4E}.Debug|x86.ActiveCfg = Debug|Any CPU
		{977888C7-4ABE-4D66-8CE6-B81F9E3F4D4E}.Debug|x86.Build.0 = Debug|Any CPU
		{977888C7-4ABE-4D66-8CE6-B81F9E3F4D4E}.Release|Any CPU.ActiveCfg = Release|Any CPU
		{977888C7-4ABE-4D66-8CE6-B81F9E3F4D4E}.Release|Any CPU.Build.0 = Release|Any CPU
		{977888C7-4ABE-4D66-8CE6-B81F9E3F4D4E}.Release|x64.ActiveCfg = Release|Any CPU
		{977888C7-4ABE-4D66-8CE6-B81F9E3F4D4E}.Release|x64.Build.0 = Release|Any CPU
		{977888C7-4ABE-4D66-8CE6-B81F9E3F4D4E}.Release|x86.ActiveCfg = Release|Any CPU
		{977888C7-4ABE-4D66-8CE6-B81F9E3F4D4E}.Release|x86.Build.0 = Release|Any CPU
		{9F26763A-E473-4A9D-AD3A-1D1FBD4E0044}.Debug|Any CPU.ActiveCfg = Debug|Any CPU
		{9F26763A-E473-4A9D-AD3A-1D1FBD4E0044}.Debug|Any CPU.Build.0 = Debug|Any CPU
		{9F26763A-E473-4A9D-AD3A-1D1FBD4E0044}.Debug|x64.ActiveCfg = Debug|Any CPU
		{9F26763A-E473-4A9D-AD3A-1D1FBD4E0044}.Debug|x64.Build.0 = Debug|Any CPU
		{9F26763A-E473-4A9D-AD3A-1D1FBD4E0044}.Debug|x86.ActiveCfg = Debug|Any CPU
		{9F26763A-E473-4A9D-AD3A-1D1FBD4E0044}.Debug|x86.Build.0 = Debug|Any CPU
		{9F26763A-E473-4A9D-AD3A-1D1FBD4E0044}.Release|Any CPU.ActiveCfg = Release|Any CPU
		{9F26763A-E473-4A9D-AD3A-1D1FBD4E0044}.Release|Any CPU.Build.0 = Release|Any CPU
		{9F26763A-E473-4A9D-AD3A-1D1FBD4E0044}.Release|x64.ActiveCfg = Release|Any CPU
		{9F26763A-E473-4A9D-AD3A-1D1FBD4E0044}.Release|x64.Build.0 = Release|Any CPU
		{9F26763A-E473-4A9D-AD3A-1D1FBD4E0044}.Release|x86.ActiveCfg = Release|Any CPU
		{9F26763A-E473-4A9D-AD3A-1D1FBD4E0044}.Release|x86.Build.0 = Release|Any CPU
		{96CC295D-4AB9-4799-865A-E0BAEF1E54B1}.Debug|Any CPU.ActiveCfg = Debug|Any CPU
		{96CC295D-4AB9-4799-865A-E0BAEF1E54B1}.Debug|Any CPU.Build.0 = Debug|Any CPU
		{96CC295D-4AB9-4799-865A-E0BAEF1E54B1}.Debug|x64.ActiveCfg = Debug|Any CPU
		{96CC295D-4AB9-4799-865A-E0BAEF1E54B1}.Debug|x64.Build.0 = Debug|Any CPU
		{96CC295D-4AB9-4799-865A-E0BAEF1E54B1}.Debug|x86.ActiveCfg = Debug|Any CPU
		{96CC295D-4AB9-4799-865A-E0BAEF1E54B1}.Debug|x86.Build.0 = Debug|Any CPU
		{96CC295D-4AB9-4799-865A-E0BAEF1E54B1}.Release|Any CPU.ActiveCfg = Release|Any CPU
		{96CC295D-4AB9-4799-865A-E0BAEF1E54B1}.Release|Any CPU.Build.0 = Release|Any CPU
		{96CC295D-4AB9-4799-865A-E0BAEF1E54B1}.Release|x64.ActiveCfg = Release|Any CPU
		{96CC295D-4AB9-4799-865A-E0BAEF1E54B1}.Release|x64.Build.0 = Release|Any CPU
		{96CC295D-4AB9-4799-865A-E0BAEF1E54B1}.Release|x86.ActiveCfg = Release|Any CPU
		{96CC295D-4AB9-4799-865A-E0BAEF1E54B1}.Release|x86.Build.0 = Release|Any CPU
		{B95F2BF2-1188-4FF7-B3C4-6D8B8B00D7D2}.Debug|Any CPU.ActiveCfg = Debug|Any CPU
		{B95F2BF2-1188-4FF7-B3C4-6D8B8B00D7D2}.Debug|Any CPU.Build.0 = Debug|Any CPU
		{B95F2BF2-1188-4FF7-B3C4-6D8B8B00D7D2}.Debug|x64.ActiveCfg = Debug|Any CPU
		{B95F2BF2-1188-4FF7-B3C4-6D8B8B00D7D2}.Debug|x64.Build.0 = Debug|Any CPU
		{B95F2BF2-1188-4FF7-B3C4-6D8B8B00D7D2}.Debug|x86.ActiveCfg = Debug|Any CPU
		{B95F2BF2-1188-4FF7-B3C4-6D8B8B00D7D2}.Debug|x86.Build.0 = Debug|Any CPU
		{B95F2BF2-1188-4FF7-B3C4-6D8B8B00D7D2}.Release|Any CPU.ActiveCfg = Release|Any CPU
		{B95F2BF2-1188-4FF7-B3C4-6D8B8B00D7D2}.Release|Any CPU.Build.0 = Release|Any CPU
		{B95F2BF2-1188-4FF7-B3C4-6D8B8B00D7D2}.Release|x64.ActiveCfg = Release|Any CPU
		{B95F2BF2-1188-4FF7-B3C4-6D8B8B00D7D2}.Release|x64.Build.0 = Release|Any CPU
		{B95F2BF2-1188-4FF7-B3C4-6D8B8B00D7D2}.Release|x86.ActiveCfg = Release|Any CPU
		{B95F2BF2-1188-4FF7-B3C4-6D8B8B00D7D2}.Release|x86.Build.0 = Release|Any CPU
	EndGlobalSection
	GlobalSection(NestedProjects) = preSolution
		{548EC7CF-2010-481E-A4FA-90C289AC1D29} = {03FB1595-BF8B-4956-8382-25840353B2F3}
		{1DF60279-5347-470D-BDF0-926C1DE7B4C6} = {03FB1595-BF8B-4956-8382-25840353B2F3}
		{A8A02385-AF34-422C-B89B-872C05B3EDF9} = {03FB1595-BF8B-4956-8382-25840353B2F3}
		{977888C7-4ABE-4D66-8CE6-B81F9E3F4D4E} = {03FB1595-BF8B-4956-8382-25840353B2F3}
		{9F26763A-E473-4A9D-AD3A-1D1FBD4E0044} = {03FB1595-BF8B-4956-8382-25840353B2F3}
		{E855F3AD-F520-4EB6-937D-9E69C28901D2} = {9955640C-2B97-44D5-90E0-9000C30BE3A0}
		{A7D68882-D493-4A74-9259-7949C1AF58A5} = {A26D2F47-2180-4C62-B5A3-09E8F1A92D8D}
		{96CC295D-4AB9-4799-865A-E0BAEF1E54B1} = {A26D2F47-2180-4C62-B5A3-09E8F1A92D8D}
		{B95F2BF2-1188-4FF7-B3C4-6D8B8B00D7D2} = {A26D2F47-2180-4C62-B5A3-09E8F1A92D8D}
	EndGlobalSection
	GlobalSection(SolutionProperties) = preSolution
		HideSolutionNode = FALSE
	EndGlobalSection
EndGlobal
